
Microsoft Visual Studio Solution File, Format Version 12.00
# Visual Studio Version 17
VisualStudioVersion = 17.13.35919.96 d17.13
MinimumVisualStudioVersion = 10.0.40219.1
Project("{FAE04EC0-301F-11D3-BF4B-00C04F79EFBC}") = "Facturas", "Facturas\Facturas.csproj", "{6EC80910-9A30-41ED-B1C3-B06BEABE83FE}"
EndProject
Global
	GlobalSection(SolutionConfigurationPlatforms) = preSolution
		Debug|Any CPU = Debug|Any CPU
		Release|Any CPU = Release|Any CPU
	EndGlobalSection
	GlobalSection(ProjectConfigurationPlatforms) = postSolution
		{6EC80910-9A30-41ED-B1C3-B06BEABE83FE}.Debug|Any CPU.ActiveCfg = Debug|Any CPU
		{6EC80910-9A30-41ED-B1C3-B06BEABE83FE}.Debug|Any CPU.Build.0 = Debug|Any CPU
		{6EC80910-9A30-41ED-B1C3-B06BEABE83FE}.Release|Any CPU.ActiveCfg = Release|Any CPU
		{6EC80910-9A30-41ED-B1C3-B06BEABE83FE}.Release|Any CPU.Build.0 = Release|Any CPU
	EndGlobalSection
	GlobalSection(SolutionProperties) = preSolution
		HideSolutionNode = FALSE
	EndGlobalSection
	GlobalSection(ExtensibilityGlobals) = postSolution
		SolutionGuid = {C52E9754-89CB-4841-A6C0-428085FD8549}
	EndGlobalSection
EndGlobal
